
Microsoft Visual Studio Solution File, Format Version 12.00
# Visual Studio Version 17
VisualStudioVersion = 17.11.35219.272
MinimumVisualStudioVersion = 10.0.40219.1
Project("{FAE04EC0-301F-11D3-BF4B-00C04F79EFBC}") = "Universtiy Management System", "Universtiy Management System\Universtiy Management System.csproj", "{9D3D3B1C-AB88-44F3-B290-128CAFA86AB4}"
EndProject
Global
	GlobalSection(SolutionConfigurationPlatforms) = preSolution
		Debug|Any CPU = Debug|Any CPU
		Release|Any CPU = Release|Any CPU
	EndGlobalSection
	GlobalSection(ProjectConfigurationPlatforms) = postSolution
		{9D3D3B1C-AB88-44F3-B290-128CAFA86AB4}.Debug|Any CPU.ActiveCfg = Debug|Any CPU
		{9D3D3B1C-AB88-44F3-B290-128CAFA86AB4}.Debug|Any CPU.Build.0 = Debug|Any CPU
		{9D3D3B1C-AB88-44F3-B290-128CAFA86AB4}.Release|Any CPU.ActiveCfg = Release|Any CPU
		{9D3D3B1C-AB88-44F3-B290-128CAFA86AB4}.Release|Any CPU.Build.0 = Release|Any CPU
	EndGlobalSection
	GlobalSection(SolutionProperties) = preSolution
		HideSolutionNode = FALSE
	EndGlobalSection
	GlobalSection(ExtensibilityGlobals) = postSolution
		SolutionGuid = {4D3D5CF1-DA6D-4015-9072-CFA03180A233}
	EndGlobalSection
EndGlobal
